
Microsoft Visual Studio Solution File, Format Version 12.00
# Visual Studio Version 17
VisualStudioVersion = 17.14.36705.20 d17.14
MinimumVisualStudioVersion = 10.0.40219.1
Project("{FAE04EC0-301F-11D3-BF4B-00C04F79EFBC}") = "ffmpeg-android-libraries-files-SO", "ffmpeg-android-libraries-files-SO\ffmpeg-android-libraries-files-SO.csproj", "{98BEB68D-1BF6-4CAE-A9DD-110EFCC2B1DB}"
EndProject
Global
	GlobalSection(SolutionConfigurationPlatforms) = preSolution
		Debug|Any CPU = Debug|Any CPU
		Release|Any CPU = Release|Any CPU
	EndGlobalSection
	GlobalSection(ProjectConfigurationPlatforms) = postSolution
		{98BEB68D-1BF6-4CAE-A9DD-110EFCC2B1DB}.Debug|Any CPU.ActiveCfg = Debug|Any CPU
		{98BEB68D-1BF6-4CAE-A9DD-110EFCC2B1DB}.Debug|Any CPU.Build.0 = Debug|Any CPU
		{98BEB68D-1BF6-4CAE-A9DD-110EFCC2B1DB}.Release|Any CPU.ActiveCfg = Release|Any CPU
		{98BEB68D-1BF6-4CAE-A9DD-110EFCC2B1DB}.Release|Any CPU.Build.0 = Release|Any CPU
	EndGlobalSection
	GlobalSection(SolutionProperties) = preSolution
		HideSolutionNode = FALSE
	EndGlobalSection
	GlobalSection(ExtensibilityGlobals) = postSolution
		SolutionGuid = {38543AAF-05FF-4178-974D-92D7B39F29D2}
	EndGlobalSection
EndGlobal
